
Microsoft Visual Studio Solution File, Format Version 12.00
# Visual Studio 14
VisualStudioVersion = 14.0.23107.0
MinimumVisualStudioVersion = 10.0.40219.1
Project("{FAE04EC0-301F-11D3-BF4B-00C04F79EFBC}") = "BookList.Core.Tests", "BookList.Core.Tests\BookList.Core.Tests.csproj", "{B52DF1A1-CBFA-40FA-9D4C-B5C1089F13B8}"
EndProject
Project("{FAE04EC0-301F-11D3-BF4B-00C04F79EFBC}") = "BookList.Core", "BookList.Core\BookList.Core.csproj", "{4289D13F-295F-49BB-B8B0-C57394EADD14}"
EndProject
Project("{FAE04EC0-301F-11D3-BF4B-00C04F79EFBC}") = "BookList.Web", "BookList.Web\BookList.Web.csproj", "{7B34B108-709E-4523-9C20-98DEE5D107AE}"
EndProject
Global
	GlobalSection(SolutionConfigurationPlatforms) = preSolution
		Debug|Any CPU = Debug|Any CPU
		Release|Any CPU = Release|Any CPU
	EndGlobalSection
	GlobalSection(ProjectConfigurationPlatforms) = postSolution
		{B52DF1A1-CBFA-40FA-9D4C-B5C1089F13B8}.Debug|Any CPU.ActiveCfg = Debug|Any CPU
		{B52DF1A1-CBFA-40FA-9D4C-B5C1089F13B8}.Debug|Any CPU.Build.0 = Debug|Any CPU
		{B52DF1A1-CBFA-40FA-9D4C-B5C1089F13B8}.Release|Any CPU.ActiveCfg = Release|Any CPU
		{B52DF1A1-CBFA-40FA-9D4C-B5C1089F13B8}.Release|Any CPU.Build.0 = Release|Any CPU
		{4289D13F-295F-49BB-B8B0-C57394EADD14}.Debug|Any CPU.ActiveCfg = Debug|Any CPU
		{4289D13F-295F-49BB-B8B0-C57394EADD14}.Debug|Any CPU.Build.0 = Debug|Any CPU
		{4289D13F-295F-49BB-B8B0-C57394EADD14}.Release|Any CPU.ActiveCfg = Release|Any CPU
		{4289D13F-295F-49BB-B8B0-C57394EADD14}.Release|Any CPU.Build.0 = Release|Any CPU
		{7B34B108-709E-4523-9C20-98DEE5D107AE}.Debug|Any CPU.ActiveCfg = Debug|Any CPU
		{7B34B108-709E-4523-9C20-98DEE5D107AE}.Debug|Any CPU.Build.0 = Debug|Any CPU
		{7B34B108-709E-4523-9C20-98DEE5D107AE}.Release|Any CPU.ActiveCfg = Release|Any CPU
		{7B34B108-709E-4523-9C20-98DEE5D107AE}.Release|Any CPU.Build.0 = Release|Any CPU
	EndGlobalSection
	GlobalSection(SolutionProperties) = preSolution
		HideSolutionNode = FALSE
	EndGlobalSection
EndGlobal
